{
    "_readme": [
        "This file locks the dependencies of your project to a known state",
        "Read more about it at https://getcomposer.org/doc/01-basic-usage.md#installing-dependencies",
        "This file is @generated automatically"
    ],
    "content-hash": "71e75cc7d3a89112d3081804c528ff39",
    "packages": [
        {
            "name": "proximify/cli-actions",
            "version": "dev-master",
            "source": {
                "type": "git",
                "url": "https://github.com/Proximify/cli-actions.git",
                "reference": "9d0b710b39ea89f92f73c29a346702a6c2cc68c8"
            },
            "dist": {
                "type": "zip",
                "url": "https://api.github.com/repos/Proximify/cli-actions/zipball/9d0b710b39ea89f92f73c29a346702a6c2cc68c8",
                "reference": "9d0b710b39ea89f92f73c29a346702a6c2cc68c8",
                "shasum": ""
            },
            "require": {
                "php": ">=7.1.0",
                "symfony/yaml": "^5.1"
            },
            "type": "library",
            "autoload": {
                "psr-4": {
                    "Proximify\\": "src"
                }
            },
            "notification-url": "https://packagist.org/downloads/",
            "license": [
                "MIT"
            ],
            "authors": [
                {
                    "name": "Proximify Inc",
                    "email": "support@proximify.ca"
                }
            ],
            "description": "Command-line interface (CLI) with custom actions and interactive prompts (e.g. composer app:action argument).",
            "time": "2020-11-09T03:30:26+00:00"
        },
        {
            "name": "proximify/foreign-packages",
            "version": "dev-master",
            "source": {
                "type": "git",
                "url": "https://github.com/Proximify/foreign-packages.git",
                "reference": "ad619e89f161c6631b68ee753a1a742aeabd3dc1"
            },
            "dist": {
                "type": "zip",
                "url": "https://api.github.com/repos/Proximify/foreign-packages/zipball/ad619e89f161c6631b68ee753a1a742aeabd3dc1",
                "reference": "ad619e89f161c6631b68ee753a1a742aeabd3dc1",
                "shasum": ""
            },
            "require": {
                "proximify/cli-actions": "dev-master"
            },
            "type": "library",
            "autoload": {
                "psr-4": {
                    "Proximify\\": "src"
                }
            },
            "notification-url": "https://packagist.org/downloads/",
            "license": [
                "MIT"
            ],
            "authors": [
                {
                    "name": "Proximify Inc",
                    "email": "support@proximify.ca"
                }
            ],
            "description": "Install and update foreign package dependencies (NPM, Yarn, PIP, etc) when a composer project is installed or updated.",
            "time": "2020-10-19T12:33:15+00:00"
        },
        {
            "name": "proximify/pm",
            "version": "dev-master",
            "dist": {
                "type": "path",
                "url": "/Users/dmac/Proximify/pm",
                "reference": "0870054c38c670de11f7bfea74158920cbf285fd"
            },
            "require": {
                "composer-plugin-api": "^2.0",
                "php": ">=7.2.0"
            },
            "type": "composer-plugin",
            "extra": {
                "class": "Proximify\\Composer\\PM"
            },
            "autoload": {
                "psr-4": {
                    "Proximify\\Composer\\": "src"
                }
            },
            "license": [
                "MIT"
            ],
            "authors": [
                {
                    "name": "Proximify Inc",
                    "email": "support@proximify.ca"
                }
            ],
            "description": "Package manager.",
            "transport-options": {
                "symlink": true,
                "relative": false
            }
        },
        {
            "name": "symfony/deprecation-contracts",
            "version": "dev-main",
            "source": {
                "type": "git",
                "url": "https://github.com/symfony/deprecation-contracts.git",
                "reference": "be5a36670fd7ccb6f6e03d9c9bd7345e2a9a8515"
            },
            "dist": {
                "type": "zip",
                "url": "https://api.github.com/repos/symfony/deprecation-contracts/zipball/be5a36670fd7ccb6f6e03d9c9bd7345e2a9a8515",
                "reference": "be5a36670fd7ccb6f6e03d9c9bd7345e2a9a8515",
                "shasum": ""
            },
            "require": {
                "php": ">=7.1"
            },
            "type": "library",
            "extra": {
                "branch-version": "2.3",
                "branch-alias": {
                    "dev-main": "2.3-dev"
                },
                "thanks": {
                    "name": "symfony/contracts",
                    "url": "https://github.com/symfony/contracts"
                }
            },
            "autoload": {
                "files": [
                    "function.php"
                ]
            },
            "notification-url": "https://packagist.org/downloads/",
            "license": [
                "MIT"
            ],
            "authors": [
                {
                    "name": "Nicolas Grekas",
                    "email": "p@tchwork.com"
                },
                {
                    "name": "Symfony Community",
                    "homepage": "https://symfony.com/contributors"
                }
            ],
            "description": "A generic function and convention to trigger deprecation notices",
            "homepage": "https://symfony.com",
            "funding": [
                {
                    "url": "https://symfony.com/sponsor",
                    "type": "custom"
                },
                {
                    "url": "https://github.com/fabpot",
                    "type": "github"
                },
                {
                    "url": "https://tidelift.com/funding/github/packagist/symfony/symfony",
                    "type": "tidelift"
                }
            ],
            "time": "2020-10-14T17:08:19+00:00"
        },
        {
            "name": "symfony/polyfill-ctype",
            "version": "dev-main",
            "source": {
                "type": "git",
                "url": "https://github.com/symfony/polyfill-ctype.git",
                "reference": "fade6deebd931cfd7a544f68479405a6a08979a3"
            },
            "dist": {
                "type": "zip",
                "url": "https://api.github.com/repos/symfony/polyfill-ctype/zipball/fade6deebd931cfd7a544f68479405a6a08979a3",
                "reference": "fade6deebd931cfd7a544f68479405a6a08979a3",
                "shasum": ""
            },
            "require": {
                "php": ">=7.1"
            },
            "suggest": {
                "ext-ctype": "For best performance"
            },
            "type": "library",
            "extra": {
                "branch-alias": {
                    "dev-main": "1.21-dev"
                },
                "thanks": {
                    "name": "symfony/polyfill",
                    "url": "https://github.com/symfony/polyfill"
                }
            },
            "autoload": {
                "psr-4": {
                    "Symfony\\Polyfill\\Ctype\\": ""
                },
                "files": [
                    "bootstrap.php"
                ]
            },
            "notification-url": "https://packagist.org/downloads/",
            "license": [
                "MIT"
            ],
            "authors": [
                {
                    "name": "Gert de Pagter",
                    "email": "BackEndTea@gmail.com"
                },
                {
                    "name": "Symfony Community",
                    "homepage": "https://symfony.com/contributors"
                }
            ],
            "description": "Symfony polyfill for ctype functions",
            "homepage": "https://symfony.com",
            "keywords": [
                "compatibility",
                "ctype",
                "polyfill",
                "portable"
            ],
            "funding": [
                {
                    "url": "https://symfony.com/sponsor",
                    "type": "custom"
                },
                {
                    "url": "https://github.com/fabpot",
                    "type": "github"
                },
                {
                    "url": "https://tidelift.com/funding/github/packagist/symfony/symfony",
                    "type": "tidelift"
                }
            ],
            "time": "2020-10-26T13:35:45+00:00"
        },
        {
            "name": "symfony/yaml",
            "version": "5.x-dev",
            "source": {
                "type": "git",
                "url": "https://github.com/symfony/yaml.git",
                "reference": "f284e032c3cefefb9943792132251b79a6127ca6"
            },
            "dist": {
                "type": "zip",
                "url": "https://api.github.com/repos/symfony/yaml/zipball/f284e032c3cefefb9943792132251b79a6127ca6",
                "reference": "f284e032c3cefefb9943792132251b79a6127ca6",
                "shasum": ""
            },
            "require": {
                "php": ">=7.2.5",
                "symfony/deprecation-contracts": "^2.1",
                "symfony/polyfill-ctype": "~1.8"
            },
            "conflict": {
                "symfony/console": "<4.4"
            },
            "require-dev": {
                "symfony/console": "^4.4|^5.0"
            },
            "suggest": {
                "symfony/console": "For validating YAML files using the lint command"
            },
            "bin": [
                "Resources/bin/yaml-lint"
            ],
            "type": "library",
            "autoload": {
                "psr-4": {
                    "Symfony\\Component\\Yaml\\": ""
                },
                "exclude-from-classmap": [
                    "/Tests/"
                ]
            },
            "notification-url": "https://packagist.org/downloads/",
            "license": [
                "MIT"
            ],
            "authors": [
                {
                    "name": "Fabien Potencier",
                    "email": "fabien@symfony.com"
                },
                {
                    "name": "Symfony Community",
                    "homepage": "https://symfony.com/contributors"
                }
            ],
            "description": "Symfony Yaml Component",
            "homepage": "https://symfony.com",
            "funding": [
                {
                    "url": "https://symfony.com/sponsor",
                    "type": "custom"
                },
                {
                    "url": "https://github.com/fabpot",
                    "type": "github"
                },
                {
                    "url": "https://tidelift.com/funding/github/packagist/symfony/symfony",
                    "type": "tidelift"
                }
            ],
            "time": "2020-10-24T12:03:25+00:00"
        }
    ],
    "packages-dev": [
        {
            "name": "t4web/composer-lock-parser",
            "version": "dev-master",
            "source": {
                "type": "git",
                "url": "https://github.com/t4web/ComposerLockParser.git",
                "reference": "65337d6d39accf22704cdce8beb20f27a601c838"
            },
            "dist": {
                "type": "zip",
                "url": "https://api.github.com/repos/t4web/ComposerLockParser/zipball/65337d6d39accf22704cdce8beb20f27a601c838",
                "reference": "65337d6d39accf22704cdce8beb20f27a601c838",
                "shasum": ""
            },
            "require": {
                "php": ">=5.4.0"
            },
            "require-dev": {
                "codeception/codeception": "<2"
            },
            "type": "library",
            "autoload": {
                "psr-0": {
                    "ComposerLockParser\\": "src/"
                }
            },
            "notification-url": "https://packagist.org/downloads/",
            "license": [
                "BSD-3-Clause"
            ],
            "authors": [
                {
                    "name": "Max Gulturyan",
                    "email": "gulturyan@gmail.com",
                    "homepage": "http://about.me/maxgu"
                }
            ],
            "description": "OOP reader of composer.lock file.",
            "homepage": "https://github.com/t4web/ComposerLockParser",
            "keywords": [
                "composer.lock reader"
            ],
            "time": "2018-10-30T10:59:33+00:00"
        }
    ],
    "aliases": [],
    "minimum-stability": "dev",
    "stability-flags": {
        "proximify/cli-actions": 20,
        "proximify/foreign-packages": 20,
        "proximify/pm": 20,
        "t4web/composer-lock-parser": 20
    },
    "prefer-stable": false,
    "prefer-lowest": false,
    "platform": [],
    "platform-dev": [],
    "plugin-api-version": "2.0.0"
}
