{
    "_readme": [
        "This file locks the dependencies of your project to a known state",
        "Read more about it at https://getcomposer.org/doc/01-basic-usage.md#installing-dependencies",
        "This file is @generated automatically"
    ],
    "content-hash": "20bea3dbea74aa01441c36b69d533cd1",
    "packages": [
        {
            "name": "proximify/cli-actions",
            "version": "dev-master",
            "source": {
                "type": "git",
                "url": "https://github.com/Proximify/cli-actions.git",
                "reference": "8bd7db192e65dbd86649c300628757368800e85f"
            },
            "dist": {
                "type": "zip",
                "url": "https://api.github.com/repos/Proximify/cli-actions/zipball/8bd7db192e65dbd86649c300628757368800e85f",
                "reference": "8bd7db192e65dbd86649c300628757368800e85f",
                "shasum": ""
            },
            "require": {
                "php": ">=7.1.0",
                "symfony/yaml": "^5.1"
            },
            "default-branch": true,
            "type": "library",
            "autoload": {
                "psr-4": {
                    "Proximify\\": "src"
                }
            },
            "notification-url": "https://packagist.org/downloads/",
            "license": [
                "MIT"
            ],
            "authors": [
                {
                    "name": "Proximify Inc",
                    "email": "support@proximify.ca"
                }
            ],
            "description": "Command-line interface (CLI) with custom actions and interactive prompts (e.g. composer app:action argument).",
            "support": {
                "issues": "https://github.com/Proximify/cli-actions/issues",
                "source": "https://github.com/Proximify/cli-actions/tree/master"
            },
            "time": "2020-11-14T22:11:40+00:00"
        },
        {
            "name": "proximify/glot-builder",
            "version": "dev-master",
            "source": {
                "type": "git",
                "url": "https://github.com//proximify/glot-builder.git",
                "reference": "768729e363d32925c5d6b7add11e01e7d0ba1b05"
            },
            "dist": {
                "type": "tar",
                "url": "http://localhost:8081/dist/proximify/glot-builder/proximify-glot-builder-dev-master-a99ee6.tar",
                "reference": "768729e363d32925c5d6b7add11e01e7d0ba1b05",
                "shasum": "5b332131031a1b6ac7f94907545b318c37331314"
            },
            "require": {
                "proximify/cli-actions": "@dev",
                "proximify/glot-csscompiler": "@dev",
                "proximify/glot-imgoptimizer": "@dev",
                "proximify/glot-jscompiler": "@dev",
                "proximify/glot-renderer": "@dev",
                "proximify/glot-task": "@dev"
            },
            "type": "library",
            "autoload": {
                "psr-4": {
                    "Proximify\\Glot\\Builder\\": "src/"
                }
            },
            "scripts": {
                "build": [
                    "cd src && run npm install"
                ],
                "app:build": [
                    "Proximify\\Glot\\Builder\\BuilderCLI::auto"
                ],
                "app:create": [
                    "Proximify\\Glot\\Builder\\BuilderCLI::auto"
                ],
                "app:delete": [
                    "Proximify\\Glot\\Builder\\BuilderCLI::auto"
                ],
                "app:updateSchema": [
                    "Proximify\\Glot\\Builder\\BuilderCLI::auto"
                ]
            },
            "license": [
                "GPL-2.0-or-later"
            ],
            "authors": [
                {
                    "name": "Proximify",
                    "email": "support@proximify.ca"
                }
            ],
            "description": "Builder module for the GLOT framework.",
            "time": "2020-11-11T23:10:39+00:00"
        },
        {
            "name": "proximify/glot-csscompiler",
            "version": "dev-master",
            "source": {
                "type": "git",
                "url": "https://github.com//proximify/glot-csscompiler.git",
                "reference": "0846ff0bc48ddda6858d367ee7d94b7c6531249a"
            },
            "dist": {
                "type": "tar",
                "url": "http://localhost:8081/dist/proximify/glot-csscompiler/proximify-glot-csscompiler-dev-master-526366.tar",
                "reference": "0846ff0bc48ddda6858d367ee7d94b7c6531249a",
                "shasum": "0ca4d01bbaff7d780d00c6832b50faa264b37f63"
            },
            "type": "library",
            "autoload": {
                "psr-4": {
                    "Proximify\\Glot\\Task\\": "src/"
                }
            },
            "scripts": {
                "build": [
                    "cd src && run npm install"
                ]
            },
            "license": [
                "GPL-2.0-or-later"
            ],
            "authors": [
                {
                    "name": "Proximify",
                    "email": "support@proximify.ca"
                }
            ],
            "description": "Task module for the GLOT framework.",
            "time": "2020-11-18T22:10:19+00:00"
        },
        {
            "name": "proximify/glot-imgoptimizer",
            "version": "dev-master",
            "source": {
                "type": "git",
                "url": "https://github.com//proximify/glot-imgoptimizer.git",
                "reference": "e11da9d2d8b513ef62224ce14678e36cbe040013"
            },
            "dist": {
                "type": "tar",
                "url": "http://localhost:8081/dist/proximify/glot-imgoptimizer/proximify-glot-imgoptimizer-dev-master-ab5f02.tar",
                "reference": "e11da9d2d8b513ef62224ce14678e36cbe040013",
                "shasum": "6b90301bbb4914404c9b45c518ca8067e58613e5"
            },
            "type": "library",
            "autoload": {
                "psr-4": {
                    "Proximify\\Glot\\Task\\": "src/"
                }
            },
            "scripts": {
                "build": [
                    "cd src && run npm install"
                ]
            },
            "license": [
                "GPL-2.0-or-later"
            ],
            "authors": [
                {
                    "name": "Proximify",
                    "email": "support@proximify.ca"
                }
            ],
            "description": "Task module for the GLOT framework.",
            "time": "2020-11-10T21:24:21+00:00"
        },
        {
            "name": "proximify/glot-jscompiler",
            "version": "dev-master",
            "source": {
                "type": "git",
                "url": "https://github.com//proximify/glot-jscompiler.git",
                "reference": "f528392b316068b005ae88ed81389803531bfb92"
            },
            "dist": {
                "type": "tar",
                "url": "http://localhost:8081/dist/proximify/glot-jscompiler/proximify-glot-jscompiler-dev-master-bd5e06.tar",
                "reference": "f528392b316068b005ae88ed81389803531bfb92",
                "shasum": "5bbdcfc4d560687079bef754b891fef88c0f122d"
            },
            "type": "library",
            "autoload": {
                "psr-4": {
                    "Proximify\\Glot\\Task\\": "src/"
                }
            },
            "scripts": {
                "build": [
                    "cd src && run npm install"
                ]
            },
            "license": [
                "GPL-2.0-or-later"
            ],
            "authors": [
                {
                    "name": "Proximify",
                    "email": "support@proximify.ca"
                }
            ],
            "description": "Task module for the GLOT framework.",
            "time": "2020-11-10T21:24:02+00:00"
        },
        {
            "name": "proximify/glot-renderer",
            "version": "dev-master",
            "source": {
                "type": "git",
                "url": "https://github.com//proximify/glot-renderer.git",
                "reference": "36ba462f051b67fef9cb80b2c88a960ccfed9b4b"
            },
            "dist": {
                "type": "tar",
                "url": "http://localhost:8081/dist/proximify/glot-renderer/proximify-glot-renderer-dev-master-0cad4e.tar",
                "reference": "36ba462f051b67fef9cb80b2c88a960ccfed9b4b",
                "shasum": "2b8be89f82dcc72fc9d7ff5f3f20e07116096f46"
            },
            "require": {
                "php": ">=7.1.0"
            },
            "type": "library",
            "autoload": {
                "psr-4": {
                    "Proximify\\Glot\\": "src/"
                }
            },
            "license": [
                "GPL-2.0-or-later"
            ],
            "authors": [
                {
                    "name": "Proximify",
                    "email": "support@proximify.ca"
                }
            ],
            "description": "Renderer module for the GLOT framework.",
            "time": "2020-11-05T16:24:16+00:00"
        },
        {
            "name": "proximify/glot-task",
            "version": "dev-master",
            "source": {
                "type": "git",
                "url": "https://github.com//proximify/glot-task.git",
                "reference": "4fd5fe8ae253bd8720a8ebe6bd27da2a7310431d"
            },
            "dist": {
                "type": "tar",
                "url": "http://localhost:8081/dist/proximify/glot-task/proximify-glot-task-dev-master-b1bcfc.tar",
                "reference": "4fd5fe8ae253bd8720a8ebe6bd27da2a7310431d",
                "shasum": "41112e6f7230a57be235b7d82b61d6119f360bf5"
            },
            "require": {
                "proximify/glot-csscompiler": "@dev",
                "proximify/glot-imgoptimizer": "@dev",
                "proximify/glot-jscompiler": "@dev"
            },
            "type": "library",
            "autoload": {
                "psr-4": {
                    "Proximify\\Glot\\Task\\": "src/"
                }
            },
            "scripts": {
                "build": [
                    "cd src && run npm install"
                ]
            },
            "license": [
                "GPL-2.0-or-later"
            ],
            "authors": [
                {
                    "name": "Proximify",
                    "email": "support@proximify.ca"
                }
            ],
            "description": "Task module for the GLOT framework.",
            "time": "2020-11-18T22:12:11+00:00"
        },
        {
            "name": "symfony/deprecation-contracts",
            "version": "dev-main",
            "source": {
                "type": "git",
                "url": "https://github.com/symfony/deprecation-contracts.git",
                "reference": "be5a36670fd7ccb6f6e03d9c9bd7345e2a9a8515"
            },
            "dist": {
                "type": "zip",
                "url": "https://api.github.com/repos/symfony/deprecation-contracts/zipball/be5a36670fd7ccb6f6e03d9c9bd7345e2a9a8515",
                "reference": "be5a36670fd7ccb6f6e03d9c9bd7345e2a9a8515",
                "shasum": ""
            },
            "require": {
                "php": ">=7.1"
            },
            "default-branch": true,
            "type": "library",
            "extra": {
                "branch-version": "2.3",
                "branch-alias": {
                    "dev-main": "2.3-dev"
                },
                "thanks": {
                    "name": "symfony/contracts",
                    "url": "https://github.com/symfony/contracts"
                }
            },
            "autoload": {
                "files": [
                    "function.php"
                ]
            },
            "notification-url": "https://packagist.org/downloads/",
            "license": [
                "MIT"
            ],
            "authors": [
                {
                    "name": "Nicolas Grekas",
                    "email": "p@tchwork.com"
                },
                {
                    "name": "Symfony Community",
                    "homepage": "https://symfony.com/contributors"
                }
            ],
            "description": "A generic function and convention to trigger deprecation notices",
            "homepage": "https://symfony.com",
            "support": {
                "source": "https://github.com/symfony/deprecation-contracts/tree/main"
            },
            "funding": [
                {
                    "url": "https://symfony.com/sponsor",
                    "type": "custom"
                },
                {
                    "url": "https://github.com/fabpot",
                    "type": "github"
                },
                {
                    "url": "https://tidelift.com/funding/github/packagist/symfony/symfony",
                    "type": "tidelift"
                }
            ],
            "time": "2020-10-14T17:08:19+00:00"
        },
        {
            "name": "symfony/polyfill-ctype",
            "version": "dev-main",
            "source": {
                "type": "git",
                "url": "https://github.com/symfony/polyfill-ctype.git",
                "reference": "fade6deebd931cfd7a544f68479405a6a08979a3"
            },
            "dist": {
                "type": "zip",
                "url": "https://api.github.com/repos/symfony/polyfill-ctype/zipball/fade6deebd931cfd7a544f68479405a6a08979a3",
                "reference": "fade6deebd931cfd7a544f68479405a6a08979a3",
                "shasum": ""
            },
            "require": {
                "php": ">=7.1"
            },
            "suggest": {
                "ext-ctype": "For best performance"
            },
            "default-branch": true,
            "type": "library",
            "extra": {
                "branch-alias": {
                    "dev-main": "1.21-dev"
                },
                "thanks": {
                    "name": "symfony/polyfill",
                    "url": "https://github.com/symfony/polyfill"
                }
            },
            "autoload": {
                "psr-4": {
                    "Symfony\\Polyfill\\Ctype\\": ""
                },
                "files": [
                    "bootstrap.php"
                ]
            },
            "notification-url": "https://packagist.org/downloads/",
            "license": [
                "MIT"
            ],
            "authors": [
                {
                    "name": "Gert de Pagter",
                    "email": "BackEndTea@gmail.com"
                },
                {
                    "name": "Symfony Community",
                    "homepage": "https://symfony.com/contributors"
                }
            ],
            "description": "Symfony polyfill for ctype functions",
            "homepage": "https://symfony.com",
            "keywords": [
                "compatibility",
                "ctype",
                "polyfill",
                "portable"
            ],
            "support": {
                "source": "https://github.com/symfony/polyfill-ctype/tree/main"
            },
            "funding": [
                {
                    "url": "https://symfony.com/sponsor",
                    "type": "custom"
                },
                {
                    "url": "https://github.com/fabpot",
                    "type": "github"
                },
                {
                    "url": "https://tidelift.com/funding/github/packagist/symfony/symfony",
                    "type": "tidelift"
                }
            ],
            "time": "2020-10-26T13:35:45+00:00"
        },
        {
            "name": "symfony/yaml",
            "version": "5.x-dev",
            "source": {
                "type": "git",
                "url": "https://github.com/symfony/yaml.git",
                "reference": "34b513f1bfb3677fc40aac34f8e4397eba4066ed"
            },
            "dist": {
                "type": "zip",
                "url": "https://api.github.com/repos/symfony/yaml/zipball/34b513f1bfb3677fc40aac34f8e4397eba4066ed",
                "reference": "34b513f1bfb3677fc40aac34f8e4397eba4066ed",
                "shasum": ""
            },
            "require": {
                "php": ">=7.2.5",
                "symfony/deprecation-contracts": "^2.1",
                "symfony/polyfill-ctype": "~1.8"
            },
            "conflict": {
                "symfony/console": "<4.4"
            },
            "require-dev": {
                "symfony/console": "^4.4|^5.0"
            },
            "suggest": {
                "symfony/console": "For validating YAML files using the lint command"
            },
            "default-branch": true,
            "bin": [
                "Resources/bin/yaml-lint"
            ],
            "type": "library",
            "autoload": {
                "psr-4": {
                    "Symfony\\Component\\Yaml\\": ""
                },
                "exclude-from-classmap": [
                    "/Tests/"
                ]
            },
            "notification-url": "https://packagist.org/downloads/",
            "license": [
                "MIT"
            ],
            "authors": [
                {
                    "name": "Fabien Potencier",
                    "email": "fabien@symfony.com"
                },
                {
                    "name": "Symfony Community",
                    "homepage": "https://symfony.com/contributors"
                }
            ],
            "description": "Symfony Yaml Component",
            "homepage": "https://symfony.com",
            "support": {
                "source": "https://github.com/symfony/yaml/tree/5.x"
            },
            "funding": [
                {
                    "url": "https://symfony.com/sponsor",
                    "type": "custom"
                },
                {
                    "url": "https://github.com/fabpot",
                    "type": "github"
                },
                {
                    "url": "https://tidelift.com/funding/github/packagist/symfony/symfony",
                    "type": "tidelift"
                }
            ],
            "time": "2020-11-15T22:55:04+00:00"
        }
    ],
    "packages-dev": [],
    "aliases": [],
    "minimum-stability": "dev",
    "stability-flags": {
        "proximify/cli-actions": 20,
        "proximify/glot-renderer": 20,
        "proximify/glot-builder": 20
    },
    "prefer-stable": false,
    "prefer-lowest": false,
    "platform": [],
    "platform-dev": [],
    "plugin-api-version": "2.0.0"
}
